
Microsoft Visual Studio Solution File, Format Version 12.00
# Visual Studio 14
VisualStudioVersion = 14.0.24720.0
MinimumVisualStudioVersion = 10.0.40219.1
Project("{FAE04EC0-301F-11D3-BF4B-00C04F79EFBC}") = "Portfolio", "Portfolio\Portfolio.csproj", "{DEF89239-A208-41A0-9F40-0A9AEE3D8F84}"
EndProject
Project("{2150E333-8FDC-42A3-9474-1A3956D46DE8}") = "Solution Items", "Solution Items", "{440B9D86-99C7-4F06-9C6F-B6DD78CF89E9}"
EndProject
Global
	GlobalSection(SolutionConfigurationPlatforms) = preSolution
		Debug|Any CPU = Debug|Any CPU
		Release|Any CPU = Release|Any CPU
	EndGlobalSection
	GlobalSection(ProjectConfigurationPlatforms) = postSolution
		{DEF89239-A208-41A0-9F40-0A9AEE3D8F84}.Debug|Any CPU.ActiveCfg = Debug|Any CPU
		{DEF89239-A208-41A0-9F40-0A9AEE3D8F84}.Debug|Any CPU.Build.0 = Debug|Any CPU
		{DEF89239-A208-41A0-9F40-0A9AEE3D8F84}.Release|Any CPU.ActiveCfg = Release|Any CPU
		{DEF89239-A208-41A0-9F40-0A9AEE3D8F84}.Release|Any CPU.Build.0 = Release|Any CPU
	EndGlobalSection
	GlobalSection(SolutionProperties) = preSolution
		HideSolutionNode = FALSE
	EndGlobalSection
EndGlobal
